
Microsoft Visual Studio Solution File, Format Version 12.00
# Visual Studio Version 16
VisualStudioVersion = 16.0.31613.86
MinimumVisualStudioVersion = 10.0.40219.1
Project("{9A19103F-16F7-4668-BE54-9A1E7A4F7556}") = "Asset", "Asset.csproj", "{7B3F404B-C089-4A83-955D-F5EE6BAA95E2}"
EndProject
Global
	GlobalSection(SolutionConfigurationPlatforms) = preSolution
		Debug|Any CPU = Debug|Any CPU
		Release|Any CPU = Release|Any CPU
	EndGlobalSection
	GlobalSection(ProjectConfigurationPlatforms) = postSolution
		{7B3F404B-C089-4A83-955D-F5EE6BAA95E2}.Debug|Any CPU.ActiveCfg = Debug|Any CPU
		{7B3F404B-C089-4A83-955D-F5EE6BAA95E2}.Debug|Any CPU.Build.0 = Debug|Any CPU
		{7B3F404B-C089-4A83-955D-F5EE6BAA95E2}.Release|Any CPU.ActiveCfg = Release|Any CPU
		{7B3F404B-C089-4A83-955D-F5EE6BAA95E2}.Release|Any CPU.Build.0 = Release|Any CPU
	EndGlobalSection
	GlobalSection(SolutionProperties) = preSolution
		HideSolutionNode = FALSE
	EndGlobalSection
	GlobalSection(ExtensibilityGlobals) = postSolution
		SolutionGuid = {637330BE-1180-4680-858E-951DEA06129F}
	EndGlobalSection
EndGlobal
